
Microsoft Visual Studio Solution File, Format Version 12.00
# Visual Studio Version 17
VisualStudioVersion = 17.11.35312.102
MinimumVisualStudioVersion = 10.0.40219.1
Project("{8BC9CEB8-8B4A-11D0-8D11-00A0C91BC942}") = "CMPR121 Exam1", "CMPR121 Exam1.vcxproj", "{9E87C526-E2A1-47A6-8200-EAF64558E566}"
EndProject
Global
	GlobalSection(SolutionConfigurationPlatforms) = preSolution
		Debug|x64 = Debug|x64
		Debug|x86 = Debug|x86
		Release|x64 = Release|x64
		Release|x86 = Release|x86
	EndGlobalSection
	GlobalSection(ProjectConfigurationPlatforms) = postSolution
		{9E87C526-E2A1-47A6-8200-EAF64558E566}.Debug|x64.ActiveCfg = Debug|x64
		{9E87C526-E2A1-47A6-8200-EAF64558E566}.Debug|x64.Build.0 = Debug|x64
		{9E87C526-E2A1-47A6-8200-EAF64558E566}.Debug|x86.ActiveCfg = Debug|Win32
		{9E87C526-E2A1-47A6-8200-EAF64558E566}.Debug|x86.Build.0 = Debug|Win32
		{9E87C526-E2A1-47A6-8200-EAF64558E566}.Release|x64.ActiveCfg = Release|x64
		{9E87C526-E2A1-47A6-8200-EAF64558E566}.Release|x64.Build.0 = Release|x64
		{9E87C526-E2A1-47A6-8200-EAF64558E566}.Release|x86.ActiveCfg = Release|Win32
		{9E87C526-E2A1-47A6-8200-EAF64558E566}.Release|x86.Build.0 = Release|Win32
	EndGlobalSection
	GlobalSection(SolutionProperties) = preSolution
		HideSolutionNode = FALSE
	EndGlobalSection
	GlobalSection(ExtensibilityGlobals) = postSolution
		SolutionGuid = {761A4E3F-1933-4A04-9425-96A9333C0818}
	EndGlobalSection
EndGlobal
